
Microsoft Visual Studio Solution File, Format Version 12.00
Project("{F2A71F9B-5D33-465A-A702-920D77279786}") = "Fiesta", "Fiesta\Fiesta.fsproj", "{642192F6-8378-4BBD-A1DA-E3FA3521952A}"
EndProject
Global
	GlobalSection(SolutionConfigurationPlatforms) = preSolution
		Debug|Any CPU = Debug|Any CPU
		Release|Any CPU = Release|Any CPU
	EndGlobalSection
	GlobalSection(ProjectConfigurationPlatforms) = postSolution
		{642192F6-8378-4BBD-A1DA-E3FA3521952A}.Debug|Any CPU.ActiveCfg = Debug|Any CPU
		{642192F6-8378-4BBD-A1DA-E3FA3521952A}.Debug|Any CPU.Build.0 = Debug|Any CPU
		{642192F6-8378-4BBD-A1DA-E3FA3521952A}.Release|Any CPU.ActiveCfg = Release|Any CPU
		{642192F6-8378-4BBD-A1DA-E3FA3521952A}.Release|Any CPU.Build.0 = Release|Any CPU
	EndGlobalSection
EndGlobal
